
Microsoft Visual Studio Solution File, Format Version 12.00
# Visual Studio for Mac
Project("{FAE04EC0-301F-11D3-BF4B-00C04F79EFBC}") = "Assembly-CSharp", "Assembly-CSharp.csproj", "{89D3E493-91F6-6D12-6A78-C05CCFD9791A}"
EndProject
Project("{FAE04EC0-301F-11D3-BF4B-00C04F79EFBC}") = "Assembly-CSharp-Editor", "Assembly-CSharp-Editor.csproj", "{A7955048-E701-0FFB-8A47-13C3D56255F6}"
EndProject
Global
	GlobalSection(SolutionConfigurationPlatforms) = preSolution
		Debug|Any CPU = Debug|Any CPU
		Release|Any CPU = Release|Any CPU
	EndGlobalSection
	GlobalSection(ProjectConfigurationPlatforms) = postSolution
		{89D3E493-91F6-6D12-6A78-C05CCFD9791A}.Debug|Any CPU.ActiveCfg = Debug|Any CPU
		{89D3E493-91F6-6D12-6A78-C05CCFD9791A}.Debug|Any CPU.Build.0 = Debug|Any CPU
		{89D3E493-91F6-6D12-6A78-C05CCFD9791A}.Release|Any CPU.ActiveCfg = Release|Any CPU
		{89D3E493-91F6-6D12-6A78-C05CCFD9791A}.Release|Any CPU.Build.0 = Release|Any CPU
		{A7955048-E701-0FFB-8A47-13C3D56255F6}.Debug|Any CPU.ActiveCfg = Debug|Any CPU
		{A7955048-E701-0FFB-8A47-13C3D56255F6}.Debug|Any CPU.Build.0 = Debug|Any CPU
		{A7955048-E701-0FFB-8A47-13C3D56255F6}.Release|Any CPU.ActiveCfg = Release|Any CPU
		{A7955048-E701-0FFB-8A47-13C3D56255F6}.Release|Any CPU.Build.0 = Release|Any CPU
	EndGlobalSection
	GlobalSection(SolutionProperties) = preSolution
		HideSolutionNode = FALSE
	EndGlobalSection
EndGlobal
